PODS:
  - Flutter (1.0.0)
  - swift_ui (0.1.0):
    - Flutter

DEPENDENCIES:
  - Flutter (from `Flutter`)
  - swift_ui (from `.symlinks/plugins/swift_ui/ios`)

EXTERNAL SOURCES:
  Flutter:
    :path: Flutter
  swift_ui:
    :path: ".symlinks/plugins/swift_ui/ios"

SPEC CHECKSUMS:
  Flutter: 71a624a5bc0c04062bf19101d501e466baf2fb47
  swift_ui: 94a8341dc8537667747f60cbbea3ac80d75740ce

PODFILE CHECKSUM: 3ba3a73b1b12adcf321a227a745625fe0888cc82

COCOAPODS: 1.16.2
