PODS:
  - Flutter (1.0.0)
  - swiftui_kit (0.1.0):
    - Flutter

DEPENDENCIES:
  - Flutter (from `Flutter`)
  - swiftui_kit (from `.symlinks/plugins/swiftui_kit/ios`)

EXTERNAL SOURCES:
  Flutter:
    :path: Flutter
  swiftui_kit:
    :path: ".symlinks/plugins/swiftui_kit/ios"

SPEC CHECKSUMS:
  Flutter: 71a624a5bc0c04062bf19101d501e466baf2fb47
  swiftui_kit: b6638ae8da43baef9d81a26a0f221aba8ffe2413

PODFILE CHECKSUM: 3ba3a73b1b12adcf321a227a745625fe0888cc82

COCOAPODS: 1.16.2
