PODS:
  - FlutterMacOS (1.0.0)
  - swiftui_kit (0.1.0):
    - FlutterMacOS

DEPENDENCIES:
  - FlutterMacOS (from `Flutter/ephemeral`)
  - swiftui_kit (from `Flutter/ephemeral/.symlinks/plugins/swiftui_kit/macos`)

EXTERNAL SOURCES:
  FlutterMacOS:
    :path: Flutter/ephemeral
  swiftui_kit:
    :path: Flutter/ephemeral/.symlinks/plugins/swiftui_kit/macos

SPEC CHECKSUMS:
  FlutterMacOS: c232990155153907050900a2e175c7773903ba4e
  swiftui_kit: 1fe84b3496d74ba2e4b7e5edc5bf952a065ff36c

PODFILE CHECKSUM: 1e95c36afbfd1cb6423ceca4de7a8e1b256fb6ac

COCOAPODS: 1.16.2
